
Microsoft Visual Studio Solution File, Format Version 12.00
# Visual Studio Version 17
Project("{8BC9CEB8-8B4A-11D0-8D11-00A0C91BC942}") = "Flaw-Editor", "Flaw-Editor\Flaw-Editor.vcxproj", "{431B373D-AFD0-AF32-38C5-A909A479A636}"
EndProject
Project("{8BC9CEB8-8B4A-11D0-8D11-00A0C91BC942}") = "Flaw", "Flaw\Flaw.vcxproj", "{6F4A857C-5B81-860D-046E-6C10F083020F}"
EndProject
Project("{FAE04EC0-301F-11D3-BF4B-00C04F79EFBC}") = "Flaw-ScriptCore", "Flaw-ScriptCore\Flaw-ScriptCore.csproj", "{7A6150B4-E6EC-BD78-EFFD-406D5B081A79}"
EndProject
Global
	GlobalSection(SolutionConfigurationPlatforms) = preSolution
		Debug|x64 = Debug|x64
		Release|x64 = Release|x64
	EndGlobalSection
	GlobalSection(ProjectConfigurationPlatforms) = postSolution
		{431B373D-AFD0-AF32-38C5-A909A479A636}.Debug|x64.ActiveCfg = Debug|x64
		{431B373D-AFD0-AF32-38C5-A909A479A636}.Debug|x64.Build.0 = Debug|x64
		{431B373D-AFD0-AF32-38C5-A909A479A636}.Release|x64.ActiveCfg = Release|x64
		{431B373D-AFD0-AF32-38C5-A909A479A636}.Release|x64.Build.0 = Release|x64
		{6F4A857C-5B81-860D-046E-6C10F083020F}.Debug|x64.ActiveCfg = Debug|x64
		{6F4A857C-5B81-860D-046E-6C10F083020F}.Debug|x64.Build.0 = Debug|x64
		{6F4A857C-5B81-860D-046E-6C10F083020F}.Release|x64.ActiveCfg = Release|x64
		{6F4A857C-5B81-860D-046E-6C10F083020F}.Release|x64.Build.0 = Release|x64
		{7A6150B4-E6EC-BD78-EFFD-406D5B081A79}.Debug|x64.ActiveCfg = Debug|x64
		{7A6150B4-E6EC-BD78-EFFD-406D5B081A79}.Debug|x64.Build.0 = Debug|x64
		{7A6150B4-E6EC-BD78-EFFD-406D5B081A79}.Release|x64.ActiveCfg = Release|x64
		{7A6150B4-E6EC-BD78-EFFD-406D5B081A79}.Release|x64.Build.0 = Release|x64
	EndGlobalSection
	GlobalSection(SolutionProperties) = preSolution
		HideSolutionNode = FALSE
	EndGlobalSection
EndGlobal
