<?xml version="1.0" encoding="utf-8"?>
<Project ToolsVersion="4.0" xmlns="http://schemas.microsoft.com/developer/msbuild/2003">
  <ItemGroup>
    <Filter Include="Debug">
      <UniqueIdentifier>{0C95060D-78A9-2EBE-412B-D21DADFE2AEF}</UniqueIdentifier>
    </Filter>
    <Filter Include="ECS">
      <UniqueIdentifier>{60E1870B-CCEA-877C-5566-9E7CC16E937C}</UniqueIdentifier>
    </Filter>
    <Filter Include="Engine">
      <UniqueIdentifier>{DBC7D3B0-C769-FE86-B024-12DB9C6585D7}</UniqueIdentifier>
    </Filter>
    <Filter Include="Event">
      <UniqueIdentifier>{E70B220D-5320-4ABE-1CA2-ED1D887546EF}</UniqueIdentifier>
    </Filter>
    <Filter Include="Font">
      <UniqueIdentifier>{DC58857C-C88F-860D-717C-6C105D92020F}</UniqueIdentifier>
    </Filter>
    <Filter Include="Font\MSDF">
      <UniqueIdentifier>{55654962-C1CF-FDD8-0A0E-AF7E76B7DB2D}</UniqueIdentifier>
    </Filter>
    <Filter Include="Graphics">
      <UniqueIdentifier>{1653CE33-0220-293F-2B39-17E717655ECD}</UniqueIdentifier>
    </Filter>
    <Filter Include="Graphics\DX11">
      <UniqueIdentifier>{23F78497-8FB7-00CE-58F2-494BC47145AA}</UniqueIdentifier>
    </Filter>
    <Filter Include="Image">
      <UniqueIdentifier>{886C650D-F480-8DBE-BD02-311E29D689EF}</UniqueIdentifier>
    </Filter>
    <Filter Include="Input">
      <UniqueIdentifier>{953A660D-014F-8EBE-CAD0-311E36A48AEF}</UniqueIdentifier>
    </Filter>
    <Filter Include="Log">
      <UniqueIdentifier>{E704880B-530E-887C-DC89-9E7C4892937C}</UniqueIdentifier>
    </Filter>
    <Filter Include="Math">
      <UniqueIdentifier>{AFF4887C-9B2B-8A0D-4418-7010302E060F}</UniqueIdentifier>
    </Filter>
    <Filter Include="Physics">
      <UniqueIdentifier>{888B590D-F46A-D8A8-FD82-637F69E13E0A}</UniqueIdentifier>
    </Filter>
    <Filter Include="Platform">
      <UniqueIdentifier>{2AC788B4-1694-E3BF-3FAD-D1672BD9184E}</UniqueIdentifier>
    </Filter>
    <Filter Include="Platform\Windows">
      <UniqueIdentifier>{64FBD71A-50F4-F66C-7926-DCF1657ED678}</UniqueIdentifier>
    </Filter>
    <Filter Include="Scripting">
      <UniqueIdentifier>{985A7358-04C5-27CF-4D03-D974B9AC0524}</UniqueIdentifier>
    </Filter>
    <Filter Include="Sound">
      <UniqueIdentifier>{4ED01B0E-BAE4-43BF-8366-E71EEF3940F0}</UniqueIdentifier>
    </Filter>
    <Filter Include="Sound\FMod">
      <UniqueIdentifier>{83696A01-6F21-AC4E-D828-85AAC4FF463F}</UniqueIdentifier>
    </Filter>
    <Filter Include="Time">
      <UniqueIdentifier>{74EC8C7C-6023-8E0D-0910-7410F5250A0F}</UniqueIdentifier>
    </Filter>
    <Filter Include="Utils">
      <UniqueIdentifier>{F68B420E-62A0-6ABF-2B22-0E1F97F566F0}</UniqueIdentifier>
    </Filter>
  </ItemGroup>
  <ItemGroup>
    <ClInclude Include="src\Core.h" />
    <ClInclude Include="src\Debug\Instrumentor.h">
      <Filter>Debug</Filter>
    </ClInclude>
    <ClInclude Include="src\ECS\ECS.h">
      <Filter>ECS</Filter>
    </ClInclude>
    <ClInclude Include="src\Engine\Application.h">
      <Filter>Engine</Filter>
    </ClInclude>
    <ClInclude Include="src\Engine\Asset.h">
      <Filter>Engine</Filter>
    </ClInclude>
    <ClInclude Include="src\Engine\AssetManager.h">
      <Filter>Engine</Filter>
    </ClInclude>
    <ClInclude Include="src\Engine\Assets.h">
      <Filter>Engine</Filter>
    </ClInclude>
    <ClInclude Include="src\Engine\Components.h">
      <Filter>Engine</Filter>
    </ClInclude>
    <ClInclude Include="src\Engine\Entity.h">
      <Filter>Engine</Filter>
    </ClInclude>
    <ClInclude Include="src\Engine\Fonts.h">
      <Filter>Engine</Filter>
    </ClInclude>
    <ClInclude Include="src\Engine\Graphics.h">
      <Filter>Engine</Filter>
    </ClInclude>
    <ClInclude Include="src\Engine\LayerRegistry.h">
      <Filter>Engine</Filter>
    </ClInclude>
    <ClInclude Include="src\Engine\ParticleSystem.h">
      <Filter>Engine</Filter>
    </ClInclude>
    <ClInclude Include="src\Engine\Platform.h">
      <Filter>Engine</Filter>
    </ClInclude>
    <ClInclude Include="src\Engine\Project.h">
      <Filter>Engine</Filter>
    </ClInclude>
    <ClInclude Include="src\Engine\Renderer2D.h">
      <Filter>Engine</Filter>
    </ClInclude>
    <ClInclude Include="src\Engine\Scene.h">
      <Filter>Engine</Filter>
    </ClInclude>
    <ClInclude Include="src\Engine\Scriptable.h">
      <Filter>Engine</Filter>
    </ClInclude>
    <ClInclude Include="src\Engine\Scripting.h">
      <Filter>Engine</Filter>
    </ClInclude>
    <ClInclude Include="src\Engine\Serialization.h">
      <Filter>Engine</Filter>
    </ClInclude>
    <ClInclude Include="src\Engine\Sounds.h">
      <Filter>Engine</Filter>
    </ClInclude>
    <ClInclude Include="src\Event\EventDispatcher.h">
      <Filter>Event</Filter>
    </ClInclude>
    <ClInclude Include="src\Flaw.h" />
    <ClInclude Include="src\Font\Font.h">
      <Filter>Font</Filter>
    </ClInclude>
    <ClInclude Include="src\Font\FontsContext.h">
      <Filter>Font</Filter>
    </ClInclude>
    <ClInclude Include="src\Font\MSDF\MSDFFont.h">
      <Filter>Font\MSDF</Filter>
    </ClInclude>
    <ClInclude Include="src\Font\MSDF\MSDFFontsContext.h">
      <Filter>Font\MSDF</Filter>
    </ClInclude>
    <ClInclude Include="src\Graphics\ComputePipeline.h">
      <Filter>Graphics</Filter>
    </ClInclude>
    <ClInclude Include="src\Graphics\ComputeShader.h">
      <Filter>Graphics</Filter>
    </ClInclude>
    <ClInclude Include="src\Graphics\DX11\DXCommandQueue.h">
      <Filter>Graphics\DX11</Filter>
    </ClInclude>
    <ClInclude Include="src\Graphics\DX11\DXComputePipeline.h">
      <Filter>Graphics\DX11</Filter>
    </ClInclude>
    <ClInclude Include="src\Graphics\DX11\DXComputeShader.h">
      <Filter>Graphics\DX11</Filter>
    </ClInclude>
    <ClInclude Include="src\Graphics\DX11\DXConstantBuffer.h">
      <Filter>Graphics\DX11</Filter>
    </ClInclude>
    <ClInclude Include="src\Graphics\DX11\DXContext.h">
      <Filter>Graphics\DX11</Filter>
    </ClInclude>
    <ClInclude Include="src\Graphics\DX11\DXGraphicsPipeline.h">
      <Filter>Graphics\DX11</Filter>
    </ClInclude>
    <ClInclude Include="src\Graphics\DX11\DXGraphicsShader.h">
      <Filter>Graphics\DX11</Filter>
    </ClInclude>
    <ClInclude Include="src\Graphics\DX11\DXIndexBuffer.h">
      <Filter>Graphics\DX11</Filter>
    </ClInclude>
    <ClInclude Include="src\Graphics\DX11\DXStructuredBuffer.h">
      <Filter>Graphics\DX11</Filter>
    </ClInclude>
    <ClInclude Include="src\Graphics\DX11\DXTextures.h">
      <Filter>Graphics\DX11</Filter>
    </ClInclude>
    <ClInclude Include="src\Graphics\DX11\DXVertexBuffer.h">
      <Filter>Graphics\DX11</Filter>
    </ClInclude>
    <ClInclude Include="src\Graphics\GraphicsBuffers.h">
      <Filter>Graphics</Filter>
    </ClInclude>
    <ClInclude Include="src\Graphics\GraphicsCommandQueue.h">
      <Filter>Graphics</Filter>
    </ClInclude>
    <ClInclude Include="src\Graphics\GraphicsContext.h">
      <Filter>Graphics</Filter>
    </ClInclude>
    <ClInclude Include="src\Graphics\GraphicsData.h">
      <Filter>Graphics</Filter>
    </ClInclude>
    <ClInclude Include="src\Graphics\GraphicsFunc.h">
      <Filter>Graphics</Filter>
    </ClInclude>
    <ClInclude Include="src\Graphics\GraphicsPipeline.h">
      <Filter>Graphics</Filter>
    </ClInclude>
    <ClInclude Include="src\Graphics\GraphicsShader.h">
      <Filter>Graphics</Filter>
    </ClInclude>
    <ClInclude Include="src\Graphics\GraphicsType.h">
      <Filter>Graphics</Filter>
    </ClInclude>
    <ClInclude Include="src\Graphics\Mesh.h">
      <Filter>Graphics</Filter>
    </ClInclude>
    <ClInclude Include="src\Graphics\RenderQueue.h">
      <Filter>Graphics</Filter>
    </ClInclude>
    <ClInclude Include="src\Graphics\Texture.h">
      <Filter>Graphics</Filter>
    </ClInclude>
    <ClInclude Include="src\Image\Image.h">
      <Filter>Image</Filter>
    </ClInclude>
    <ClInclude Include="src\Input\Input.h">
      <Filter>Input</Filter>
    </ClInclude>
    <ClInclude Include="src\Input\InputCodes.h">
      <Filter>Input</Filter>
    </ClInclude>
    <ClInclude Include="src\Log\Log.h">
      <Filter>Log</Filter>
    </ClInclude>
    <ClInclude Include="src\Math\Math.h">
      <Filter>Math</Filter>
    </ClInclude>
    <ClInclude Include="src\Physics\Physics2D.h">
      <Filter>Physics</Filter>
    </ClInclude>
    <ClInclude Include="src\Platform\FileDialogs.h">
      <Filter>Platform</Filter>
    </ClInclude>
    <ClInclude Include="src\Platform\FileSystem.h">
      <Filter>Platform</Filter>
    </ClInclude>
    <ClInclude Include="src\Platform\FileWatch.h">
      <Filter>Platform</Filter>
    </ClInclude>
    <ClInclude Include="src\Platform\PlatformContext.h">
      <Filter>Platform</Filter>
    </ClInclude>
    <ClInclude Include="src\Platform\PlatformEvents.h">
      <Filter>Platform</Filter>
    </ClInclude>
    <ClInclude Include="src\Platform\Windows\WindowsContext.h">
      <Filter>Platform\Windows</Filter>
    </ClInclude>
    <ClInclude Include="src\Scripting\MonoScripting.h">
      <Filter>Scripting</Filter>
    </ClInclude>
    <ClInclude Include="src\Sound\FMod\FModSoundChannel.h">
      <Filter>Sound\FMod</Filter>
    </ClInclude>
    <ClInclude Include="src\Sound\FMod\FModSoundSource.h">
      <Filter>Sound\FMod</Filter>
    </ClInclude>
    <ClInclude Include="src\Sound\FMod\FModSoundsContext.h">
      <Filter>Sound\FMod</Filter>
    </ClInclude>
    <ClInclude Include="src\Sound\SoundChannel.h">
      <Filter>Sound</Filter>
    </ClInclude>
    <ClInclude Include="src\Sound\SoundSource.h">
      <Filter>Sound</Filter>
    </ClInclude>
    <ClInclude Include="src\Sound\SoundsContext.h">
      <Filter>Sound</Filter>
    </ClInclude>
    <ClInclude Include="src\Time\Time.h">
      <Filter>Time</Filter>
    </ClInclude>
    <ClInclude Include="src\Utils\Finalizer.h">
      <Filter>Utils</Filter>
    </ClInclude>
    <ClInclude Include="src\Utils\SerializationArchive.h">
      <Filter>Utils</Filter>
    </ClInclude>
    <ClInclude Include="src\Utils\UUID.h">
      <Filter>Utils</Filter>
    </ClInclude>
    <ClInclude Include="src\pch.h" />
    <ClInclude Include="src\Utils\Easing.h" />
    <ClInclude Include="src\Engine\Renderer.h" />
    <ClInclude Include="src\Engine\SkyBoxSystem.h" />
    <ClInclude Include="src\Graphics\DX11\DXType.h" />
    <ClInclude Include="src\Graphics\DX11\DXMultiRenderTarget.h" />
    <ClInclude Include="src\Graphics\GraphicsMultiRenderTarget.h" />
    <ClInclude Include="src\Engine\RenderSystem.h" />
  </ItemGroup>
  <ItemGroup>
    <ClCompile Include="src\Engine\Application.cpp">
      <Filter>Engine</Filter>
    </ClCompile>
    <ClCompile Include="src\Engine\AssetManager.cpp">
      <Filter>Engine</Filter>
    </ClCompile>
    <ClCompile Include="src\Engine\Assets.cpp">
      <Filter>Engine</Filter>
    </ClCompile>
    <ClCompile Include="src\Engine\Entity.cpp">
      <Filter>Engine</Filter>
    </ClCompile>
    <ClCompile Include="src\Engine\Fonts.cpp">
      <Filter>Engine</Filter>
    </ClCompile>
    <ClCompile Include="src\Engine\Graphics.cpp">
      <Filter>Engine</Filter>
    </ClCompile>
    <ClCompile Include="src\Engine\LayerRegistry.cpp">
      <Filter>Engine</Filter>
    </ClCompile>
    <ClCompile Include="src\Engine\ParticleSystem.cpp">
      <Filter>Engine</Filter>
    </ClCompile>
    <ClCompile Include="src\Engine\Platform.cpp">
      <Filter>Engine</Filter>
    </ClCompile>
    <ClCompile Include="src\Engine\Project.cpp">
      <Filter>Engine</Filter>
    </ClCompile>
    <ClCompile Include="src\Engine\Renderer2D.cpp">
      <Filter>Engine</Filter>
    </ClCompile>
    <ClCompile Include="src\Engine\Scene.cpp">
      <Filter>Engine</Filter>
    </ClCompile>
    <ClCompile Include="src\Engine\Scripting.cpp">
      <Filter>Engine</Filter>
    </ClCompile>
    <ClCompile Include="src\Engine\Serialization.cpp">
      <Filter>Engine</Filter>
    </ClCompile>
    <ClCompile Include="src\Engine\Sounds.cpp">
      <Filter>Engine</Filter>
    </ClCompile>
    <ClCompile Include="src\Event\EventDispatcher.cpp">
      <Filter>Event</Filter>
    </ClCompile>
    <ClCompile Include="src\Font\MSDF\MSDFFont.cpp">
      <Filter>Font\MSDF</Filter>
    </ClCompile>
    <ClCompile Include="src\Font\MSDF\MSDFFontsContext.cpp">
      <Filter>Font\MSDF</Filter>
    </ClCompile>
    <ClCompile Include="src\Graphics\DX11\DXCommandQueue.cpp">
      <Filter>Graphics\DX11</Filter>
    </ClCompile>
    <ClCompile Include="src\Graphics\DX11\DXComputePipeline.cpp">
      <Filter>Graphics\DX11</Filter>
    </ClCompile>
    <ClCompile Include="src\Graphics\DX11\DXComputeShader.cpp">
      <Filter>Graphics\DX11</Filter>
    </ClCompile>
    <ClCompile Include="src\Graphics\DX11\DXConstantBuffer.cpp">
      <Filter>Graphics\DX11</Filter>
    </ClCompile>
    <ClCompile Include="src\Graphics\DX11\DXContext.cpp">
      <Filter>Graphics\DX11</Filter>
    </ClCompile>
    <ClCompile Include="src\Graphics\DX11\DXGraphicsPipeline.cpp">
      <Filter>Graphics\DX11</Filter>
    </ClCompile>
    <ClCompile Include="src\Graphics\DX11\DXGraphicsShader.cpp">
      <Filter>Graphics\DX11</Filter>
    </ClCompile>
    <ClCompile Include="src\Graphics\DX11\DXIndexBuffer.cpp">
      <Filter>Graphics\DX11</Filter>
    </ClCompile>
    <ClCompile Include="src\Graphics\DX11\DXStructedBuffer.cpp">
      <Filter>Graphics\DX11</Filter>
    </ClCompile>
    <ClCompile Include="src\Graphics\DX11\DXTexture2D.cpp">
      <Filter>Graphics\DX11</Filter>
    </ClCompile>
    <ClCompile Include="src\Graphics\DX11\DXVertexBuffer.cpp">
      <Filter>Graphics\DX11</Filter>
    </ClCompile>
    <ClCompile Include="src\Image\Image.cpp">
      <Filter>Image</Filter>
    </ClCompile>
    <ClCompile Include="src\Input\Input.cpp">
      <Filter>Input</Filter>
    </ClCompile>
    <ClCompile Include="src\Log\Log.cpp">
      <Filter>Log</Filter>
    </ClCompile>
    <ClCompile Include="src\Platform\Windows\FileDialogs.cpp">
      <Filter>Platform\Windows</Filter>
    </ClCompile>
    <ClCompile Include="src\Platform\Windows\FileSystem.cpp">
      <Filter>Platform\Windows</Filter>
    </ClCompile>
    <ClCompile Include="src\Platform\Windows\WindowsContext.cpp">
      <Filter>Platform\Windows</Filter>
    </ClCompile>
    <ClCompile Include="src\Scripting\MonoScripting.cpp">
      <Filter>Scripting</Filter>
    </ClCompile>
    <ClCompile Include="src\Sound\FMod\FModSoundChannel.cpp">
      <Filter>Sound\FMod</Filter>
    </ClCompile>
    <ClCompile Include="src\Sound\FMod\FModSoundSource.cpp">
      <Filter>Sound\FMod</Filter>
    </ClCompile>
    <ClCompile Include="src\Sound\FMod\FModSoundsContext.cpp">
      <Filter>Sound\FMod</Filter>
    </ClCompile>
    <ClCompile Include="src\Time\Time.cpp">
      <Filter>Time</Filter>
    </ClCompile>
    <ClCompile Include="src\Utils\UUID.cpp">
      <Filter>Utils</Filter>
    </ClCompile>
    <ClCompile Include="src\pch.cpp" />
    <ClCompile Include="src\Engine\Renderer.cpp" />
    <ClCompile Include="src\Engine\SkyBoxSystem.cpp" />
    <ClCompile Include="src\Graphics\DX11\DXTextureCube.cpp" />
    <ClCompile Include="src\Graphics\DX11\DXMultiRenderTarget.cpp" />
    <ClCompile Include="src\Engine\RenderSystem.cpp" />
  </ItemGroup>
</Project>