<?xml version="1.0" encoding="utf-8"?>
<Project ToolsVersion="4.0" xmlns="http://schemas.microsoft.com/developer/msbuild/2003">
  <ItemGroup>
    <Filter Include="Editor">
      <UniqueIdentifier>{8C1A20B0-78BC-4A86-6177-5EDA4DB8D1D6}</UniqueIdentifier>
    </Filter>
  </ItemGroup>
  <ItemGroup>
    <ClInclude Include="src\AssetDatabase.h" />
    <ClInclude Include="src\Editor\ContentBrowserEditor.h">
      <Filter>Editor</Filter>
    </ClInclude>
    <ClInclude Include="src\Editor\DetailsEditor.h">
      <Filter>Editor</Filter>
    </ClInclude>
    <ClInclude Include="src\Editor\GraphEditor.h">
      <Filter>Editor</Filter>
    </ClInclude>
    <ClInclude Include="src\Editor\ImCurveEdit.h">
      <Filter>Editor</Filter>
    </ClInclude>
    <ClInclude Include="src\Editor\ImGradient.h">
      <Filter>Editor</Filter>
    </ClInclude>
    <ClInclude Include="src\Editor\ImGuizmo.h">
      <Filter>Editor</Filter>
    </ClInclude>
    <ClInclude Include="src\Editor\ImSequencer.h">
      <Filter>Editor</Filter>
    </ClInclude>
    <ClInclude Include="src\Editor\ImZoomSlider.h">
      <Filter>Editor</Filter>
    </ClInclude>
    <ClInclude Include="src\Editor\LogEditor.h">
      <Filter>Editor</Filter>
    </ClInclude>
    <ClInclude Include="src\Editor\OutlinerEditor.h">
      <Filter>Editor</Filter>
    </ClInclude>
    <ClInclude Include="src\Editor\ViewportEditor.h">
      <Filter>Editor</Filter>
    </ClInclude>
    <ClInclude Include="src\EditorCamera.h" />
    <ClInclude Include="src\EditorEvents.h" />
    <ClInclude Include="src\EditorLayer.h" />
    <ClInclude Include="src\EditorTypes.h" />
    <ClInclude Include="src\FlawEditor.h" />
  </ItemGroup>
  <ItemGroup>
    <ClCompile Include="src\AssetDatabase.cpp" />
    <ClCompile Include="src\Editor\ContentBrowserEditor.cpp">
      <Filter>Editor</Filter>
    </ClCompile>
    <ClCompile Include="src\Editor\DetailsEditor.cpp">
      <Filter>Editor</Filter>
    </ClCompile>
    <ClCompile Include="src\Editor\GraphEditor.cpp">
      <Filter>Editor</Filter>
    </ClCompile>
    <ClCompile Include="src\Editor\ImCurveEdit.cpp">
      <Filter>Editor</Filter>
    </ClCompile>
    <ClCompile Include="src\Editor\ImGradient.cpp">
      <Filter>Editor</Filter>
    </ClCompile>
    <ClCompile Include="src\Editor\ImGuizmo.cpp">
      <Filter>Editor</Filter>
    </ClCompile>
    <ClCompile Include="src\Editor\ImSequencer.cpp">
      <Filter>Editor</Filter>
    </ClCompile>
    <ClCompile Include="src\Editor\LogEditor.cpp">
      <Filter>Editor</Filter>
    </ClCompile>
    <ClCompile Include="src\Editor\OutlinerEditor.cpp">
      <Filter>Editor</Filter>
    </ClCompile>
    <ClCompile Include="src\Editor\ViewportEditor.cpp">
      <Filter>Editor</Filter>
    </ClCompile>
    <ClCompile Include="src\EditorCamera.cpp" />
    <ClCompile Include="src\EditorLayer.cpp" />
    <ClCompile Include="src\FlawEditor.cpp" />
    <ClCompile Include="src\main.cpp" />
  </ItemGroup>
</Project>